
Microsoft Visual Studio Solution File, Format Version 12.00
# Visual Studio Version 16
VisualStudioVersion = 16.0.30114.105
MinimumVisualStudioVersion = 10.0.40219.1
Project("{9A19103F-16F7-4668-BE54-9A1E7A4F7556}") = "Question10-InstanceAndClass", "Question10-InstanceAndClass.csproj", "{DB3A2026-7F6B-4337-B2C5-9DF8EC1D283B}"
EndProject
Global
	GlobalSection(SolutionConfigurationPlatforms) = preSolution
		Debug|Any CPU = Debug|Any CPU
		Release|Any CPU = Release|Any CPU
	EndGlobalSection
	GlobalSection(ProjectConfigurationPlatforms) = postSolution
		{DB3A2026-7F6B-4337-B2C5-9DF8EC1D283B}.Debug|Any CPU.ActiveCfg = Debug|Any CPU
		{DB3A2026-7F6B-4337-B2C5-9DF8EC1D283B}.Debug|Any CPU.Build.0 = Debug|Any CPU
		{DB3A2026-7F6B-4337-B2C5-9DF8EC1D283B}.Release|Any CPU.ActiveCfg = Release|Any CPU
		{DB3A2026-7F6B-4337-B2C5-9DF8EC1D283B}.Release|Any CPU.Build.0 = Release|Any CPU
	EndGlobalSection
	GlobalSection(SolutionProperties) = preSolution
		HideSolutionNode = FALSE
	EndGlobalSection
	GlobalSection(ExtensibilityGlobals) = postSolution
		SolutionGuid = {2B9F0022-F437-4549-A5A3-0FA215A8C3F0}
	EndGlobalSection
EndGlobal
