
Microsoft Visual Studio Solution File, Format Version 12.00
# Visual Studio Version 16
VisualStudioVersion = 16.0.30114.105
MinimumVisualStudioVersion = 10.0.40219.1
Project("{9A19103F-16F7-4668-BE54-9A1E7A4F7556}") = "Question03-if", "Question03-if.csproj", "{39C5DA9C-A408-4FF1-BC5D-95CFE9EBFABF}"
EndProject
Global
	GlobalSection(SolutionConfigurationPlatforms) = preSolution
		Debug|Any CPU = Debug|Any CPU
		Release|Any CPU = Release|Any CPU
	EndGlobalSection
	GlobalSection(ProjectConfigurationPlatforms) = postSolution
		{39C5DA9C-A408-4FF1-BC5D-95CFE9EBFABF}.Debug|Any CPU.ActiveCfg = Debug|Any CPU
		{39C5DA9C-A408-4FF1-BC5D-95CFE9EBFABF}.Debug|Any CPU.Build.0 = Debug|Any CPU
		{39C5DA9C-A408-4FF1-BC5D-95CFE9EBFABF}.Release|Any CPU.ActiveCfg = Release|Any CPU
		{39C5DA9C-A408-4FF1-BC5D-95CFE9EBFABF}.Release|Any CPU.Build.0 = Release|Any CPU
	EndGlobalSection
	GlobalSection(SolutionProperties) = preSolution
		HideSolutionNode = FALSE
	EndGlobalSection
	GlobalSection(ExtensibilityGlobals) = postSolution
		SolutionGuid = {D2DFAD58-C486-4A70-891C-7BAD82FE59CD}
	EndGlobalSection
EndGlobal
